github.com/google/go-cmp v0.5.2 h1:X2ev0eStA3AbceY54o37/0PQ/UWqKEiiO2dKL5OPaFM=
github.com/google/go-cmp v0.5.2/go.mod h1:v8dTdLbMG2kIc/vJvl+f65V22dbkXbowE6jgT/gNBxE=
github.com/sourcegraph/go-diff v0.8.0 h1:ipIyu4cTsLbIrln4l0qtHA3r0a7gyK4ntKjtQytHhvY=
github.com/sourcegraph/go-diff v0.8.0/go.mod h1:hWlcO7Al+UZStZAP8rBumHpCK5ZHQ5BXsMls8p4+F5E=
